
Microsoft Visual Studio Solution File, Format Version 12.00
# Visual Studio Version 16
VisualStudioVersion = 16.0.29424.173
MinimumVisualStudioVersion = 10.0.40219.1
Project("{FAE04EC0-301F-11D3-BF4B-00C04F79EFBC}") = "TemperatureConverter", "TemperatureConverter\TemperatureConverter.csproj", "{4F1E2B02-D103-461D-864A-56CED8193EF1}"
EndProject
Global
	GlobalSection(SolutionConfigurationPlatforms) = preSolution
		Debug|Any CPU = Debug|Any CPU
		Release|Any CPU = Release|Any CPU
	EndGlobalSection
	GlobalSection(ProjectConfigurationPlatforms) = postSolution
		{4F1E2B02-D103-461D-864A-56CED8193EF1}.Debug|Any CPU.ActiveCfg = Debug|Any CPU
		{4F1E2B02-D103-461D-864A-56CED8193EF1}.Debug|Any CPU.Build.0 = Debug|Any CPU
		{4F1E2B02-D103-461D-864A-56CED8193EF1}.Release|Any CPU.ActiveCfg = Release|Any CPU
		{4F1E2B02-D103-461D-864A-56CED8193EF1}.Release|Any CPU.Build.0 = Release|Any CPU
	EndGlobalSection
	GlobalSection(SolutionProperties) = preSolution
		HideSolutionNode = FALSE
	EndGlobalSection
	GlobalSection(ExtensibilityGlobals) = postSolution
		SolutionGuid = {130A7AD0-8D80-41A4-B682-B6F846F19A1A}
	EndGlobalSection
EndGlobal
